
Microsoft Visual Studio Solution File, Format Version 12.00
# Visual Studio Version 17
VisualStudioVersion = 17.5.002.0
MinimumVisualStudioVersion = 10.0.40219.1
Project("{9A19103F-16F7-4668-BE54-9A1E7A4F7556}") = "StopWatch", "StopWatch.csproj", "{471CE6C0-EBCD-4810-8591-9D43491D0DBF}"
EndProject
Global
	GlobalSection(SolutionConfigurationPlatforms) = preSolution
		Debug|Any CPU = Debug|Any CPU
		Release|Any CPU = Release|Any CPU
	EndGlobalSection
	GlobalSection(ProjectConfigurationPlatforms) = postSolution
		{471CE6C0-EBCD-4810-8591-9D43491D0DBF}.Debug|Any CPU.ActiveCfg = Debug|Any CPU
		{471CE6C0-EBCD-4810-8591-9D43491D0DBF}.Debug|Any CPU.Build.0 = Debug|Any CPU
		{471CE6C0-EBCD-4810-8591-9D43491D0DBF}.Release|Any CPU.ActiveCfg = Release|Any CPU
		{471CE6C0-EBCD-4810-8591-9D43491D0DBF}.Release|Any CPU.Build.0 = Release|Any CPU
	EndGlobalSection
	GlobalSection(SolutionProperties) = preSolution
		HideSolutionNode = FALSE
	EndGlobalSection
	GlobalSection(ExtensibilityGlobals) = postSolution
		SolutionGuid = {8624448D-F4E4-4C5F-A123-B80D0E52AC45}
	EndGlobalSection
EndGlobal
